
Microsoft Visual Studio Solution File, Format Version 12.00
# Visual Studio 15
VisualStudioVersion = 15.0.26430.13
MinimumVisualStudioVersion = 10.0.40219.1
Project("{FAE04EC0-301F-11D3-BF4B-00C04F79EFBC}") = "SideMenuBinding", "SideMenuBinding\SideMenuBinding.csproj", "{F317096C-D29F-4547-8923-6A48733477E8}"
EndProject
Project("{FAE04EC0-301F-11D3-BF4B-00C04F79EFBC}") = "SideMenuQs", "SideMenuQs\SideMenuQs.csproj", "{F2593838-6A6E-4EA1-98D0-12FBFF8A375E}"
EndProject
Project("{FAE04EC0-301F-11D3-BF4B-00C04F79EFBC}") = "CircularRevealBinding", "CircularRevealBinding\CircularRevealBinding.csproj", "{C4D6D2FB-E542-4B28-B9F2-8A9022632D43}"
EndProject
Global
	GlobalSection(SolutionConfigurationPlatforms) = preSolution
		Debug|Any CPU = Debug|Any CPU
		Release|Any CPU = Release|Any CPU
	EndGlobalSection
	GlobalSection(ProjectConfigurationPlatforms) = postSolution
		{F317096C-D29F-4547-8923-6A48733477E8}.Debug|Any CPU.ActiveCfg = Debug|Any CPU
		{F317096C-D29F-4547-8923-6A48733477E8}.Debug|Any CPU.Build.0 = Debug|Any CPU
		{F317096C-D29F-4547-8923-6A48733477E8}.Release|Any CPU.ActiveCfg = Release|Any CPU
		{F317096C-D29F-4547-8923-6A48733477E8}.Release|Any CPU.Build.0 = Release|Any CPU
		{F2593838-6A6E-4EA1-98D0-12FBFF8A375E}.Debug|Any CPU.ActiveCfg = Debug|Any CPU
		{F2593838-6A6E-4EA1-98D0-12FBFF8A375E}.Debug|Any CPU.Build.0 = Debug|Any CPU
		{F2593838-6A6E-4EA1-98D0-12FBFF8A375E}.Debug|Any CPU.Deploy.0 = Debug|Any CPU
		{F2593838-6A6E-4EA1-98D0-12FBFF8A375E}.Release|Any CPU.ActiveCfg = Release|Any CPU
		{F2593838-6A6E-4EA1-98D0-12FBFF8A375E}.Release|Any CPU.Build.0 = Release|Any CPU
		{F2593838-6A6E-4EA1-98D0-12FBFF8A375E}.Release|Any CPU.Deploy.0 = Release|Any CPU
		{C4D6D2FB-E542-4B28-B9F2-8A9022632D43}.Debug|Any CPU.ActiveCfg = Debug|Any CPU
		{C4D6D2FB-E542-4B28-B9F2-8A9022632D43}.Debug|Any CPU.Build.0 = Debug|Any CPU
		{C4D6D2FB-E542-4B28-B9F2-8A9022632D43}.Release|Any CPU.ActiveCfg = Release|Any CPU
		{C4D6D2FB-E542-4B28-B9F2-8A9022632D43}.Release|Any CPU.Build.0 = Release|Any CPU
	EndGlobalSection
	GlobalSection(SolutionProperties) = preSolution
		HideSolutionNode = FALSE
	EndGlobalSection
EndGlobal
